
Microsoft Visual Studio Solution File, Format Version 12.00
# Visual Studio Version 16
VisualStudioVersion = 16.0.31205.134
MinimumVisualStudioVersion = 10.0.40219.1
Project("{FAE04EC0-301F-11D3-BF4B-00C04F79EFBC}") = "First_app", "First_app\First_app.csproj", "{08B3A2A8-D463-4BAD-BDF0-F1490C7E653D}"
EndProject
Global
	GlobalSection(SolutionConfigurationPlatforms) = preSolution
		Debug|Any CPU = Debug|Any CPU
		Release|Any CPU = Release|Any CPU
	EndGlobalSection
	GlobalSection(ProjectConfigurationPlatforms) = postSolution
		{08B3A2A8-D463-4BAD-BDF0-F1490C7E653D}.Debug|Any CPU.ActiveCfg = Debug|Any CPU
		{08B3A2A8-D463-4BAD-BDF0-F1490C7E653D}.Debug|Any CPU.Build.0 = Debug|Any CPU
		{08B3A2A8-D463-4BAD-BDF0-F1490C7E653D}.Release|Any CPU.ActiveCfg = Release|Any CPU
		{08B3A2A8-D463-4BAD-BDF0-F1490C7E653D}.Release|Any CPU.Build.0 = Release|Any CPU
	EndGlobalSection
	GlobalSection(SolutionProperties) = preSolution
		HideSolutionNode = FALSE
	EndGlobalSection
	GlobalSection(ExtensibilityGlobals) = postSolution
		SolutionGuid = {46302286-FC2F-4CE7-A2A5-1DAF66E89147}
	EndGlobalSection
EndGlobal
